
Microsoft Visual Studio Solution File, Format Version 12.00
# Visual Studio 15
VisualStudioVersion = 15.0.28307.329
MinimumVisualStudioVersion = 10.0.40219.1
Project("{FAE04EC0-301F-11D3-BF4B-00C04F79EFBC}") = "ChainOfResp", "ChainOfResp.csproj", "{34873789-DB5A-4AC1-B87F-03BDE21CD7A8}"
EndProject
Global
	GlobalSection(SolutionConfigurationPlatforms) = preSolution
		Debug|Any CPU = Debug|Any CPU
		Release|Any CPU = Release|Any CPU
	EndGlobalSection
	GlobalSection(ProjectConfigurationPlatforms) = postSolution
		{34873789-DB5A-4AC1-B87F-03BDE21CD7A8}.Debug|Any CPU.ActiveCfg = Debug|Any CPU
		{34873789-DB5A-4AC1-B87F-03BDE21CD7A8}.Debug|Any CPU.Build.0 = Debug|Any CPU
		{34873789-DB5A-4AC1-B87F-03BDE21CD7A8}.Release|Any CPU.ActiveCfg = Release|Any CPU
		{34873789-DB5A-4AC1-B87F-03BDE21CD7A8}.Release|Any CPU.Build.0 = Release|Any CPU
	EndGlobalSection
	GlobalSection(SolutionProperties) = preSolution
		HideSolutionNode = FALSE
	EndGlobalSection
	GlobalSection(ExtensibilityGlobals) = postSolution
		SolutionGuid = {5D8F1376-129A-46F4-9557-12F38CE45570}
	EndGlobalSection
EndGlobal
