
Microsoft Visual Studio Solution File, Format Version 12.00
# Visual Studio 15
VisualStudioVersion = 15.0.28307.329
MinimumVisualStudioVersion = 10.0.40219.1
Project("{FAE04EC0-301F-11D3-BF4B-00C04F79EFBC}") = "FactoryMethod", "FactoryMethod.csproj", "{09068D99-8041-4E78-8837-661321BA8546}"
EndProject
Global
	GlobalSection(SolutionConfigurationPlatforms) = preSolution
		Debug|Any CPU = Debug|Any CPU
		Release|Any CPU = Release|Any CPU
	EndGlobalSection
	GlobalSection(ProjectConfigurationPlatforms) = postSolution
		{09068D99-8041-4E78-8837-661321BA8546}.Debug|Any CPU.ActiveCfg = Debug|Any CPU
		{09068D99-8041-4E78-8837-661321BA8546}.Debug|Any CPU.Build.0 = Debug|Any CPU
		{09068D99-8041-4E78-8837-661321BA8546}.Release|Any CPU.ActiveCfg = Release|Any CPU
		{09068D99-8041-4E78-8837-661321BA8546}.Release|Any CPU.Build.0 = Release|Any CPU
	EndGlobalSection
	GlobalSection(SolutionProperties) = preSolution
		HideSolutionNode = FALSE
	EndGlobalSection
	GlobalSection(ExtensibilityGlobals) = postSolution
		SolutionGuid = {96254620-5996-4F12-8CCC-47F161C3F75F}
	EndGlobalSection
EndGlobal
